{
  "name": "x-emoji-shortcodes",
  "lockfileVersion": 3,
  "requires": true,
  "packages": {
    "": {
      "devDependencies": {
        "gemoji": "^8.1.0"
      },
      "name": "x-emoji-shortcodes",
      "version": "0.2.0"
    },
    "node_modules/gemoji": {
      "version": "8.1.0",
      "resolved": "https://registry.npmjs.org/gemoji/-/gemoji-8.1.0.tgz",
      "integrity": "sha512-HA4Gx59dw2+tn+UAa7XEV4ufUKI4fH1KgcbenVA9YKSj1QJTT0xh5Mwv5HMFNN3l2OtUe3ZIfuRwSyZS5pLIWw==",
      "dev": true,
      "license": "MIT",
      "funding": {
        "type": "github",
        "url": "https://github.com/sponsors/wooorm"
      }
    }
  }
}
